
Microsoft Visual Studio Solution File, Format Version 12.00
# Visual Studio Version 16
VisualStudioVersion = 16.0.30804.86
MinimumVisualStudioVersion = 10.0.40219.1
Project("{FAE04EC0-301F-11D3-BF4B-00C04F79EFBC}") = "pruebaHACSYS", "pruebaHACSYS.csproj", "{A9117B14-43D1-41B4-B82E-3C68506C112B}"
EndProject
Global
	GlobalSection(SolutionConfigurationPlatforms) = preSolution
		Debug|Any CPU = Debug|Any CPU
		Release|Any CPU = Release|Any CPU
	EndGlobalSection
	GlobalSection(ProjectConfigurationPlatforms) = postSolution
		{A9117B14-43D1-41B4-B82E-3C68506C112B}.Debug|Any CPU.ActiveCfg = Debug|Any CPU
		{A9117B14-43D1-41B4-B82E-3C68506C112B}.Debug|Any CPU.Build.0 = Debug|Any CPU
		{A9117B14-43D1-41B4-B82E-3C68506C112B}.Release|Any CPU.ActiveCfg = Release|Any CPU
		{A9117B14-43D1-41B4-B82E-3C68506C112B}.Release|Any CPU.Build.0 = Release|Any CPU
	EndGlobalSection
	GlobalSection(SolutionProperties) = preSolution
		HideSolutionNode = FALSE
	EndGlobalSection
	GlobalSection(ExtensibilityGlobals) = postSolution
		SolutionGuid = {957B67C9-F1AC-49B8-9825-CBFC6679725D}
	EndGlobalSection
EndGlobal
